{
  "name": "@praetorian-inc/ts-release-test-fixture",
  "version": "0.0.1",
  "lockfileVersion": 3,
  "requires": true,
  "packages": {
    "": {
      "name": "@praetorian-inc/ts-release-test-fixture",
      "version": "0.0.1",
      "license": "UNLICENSED",
      "bin": {
        "ts-release-test-fixture": "dist/index.js"
      },
      "engines": {
        "node": ">=20"
      }
    }
  }
}
